// !$*UTF8*$!
{
	archiveVersion = 1;
	classes = {
	};
	objectVersion = 55;
	objects = {

/* Begin PBXBuildFile section */
		CF0015ED2B4CDEC800563372 /* Nimble in Frameworks */ = {isa = PBXBuildFile; productRef = CF0015EC2B4CDEC800563372 /* Nimble */; };
		CF0015EF2B4CDEC800563372 /* Quick in Frameworks */ = {isa = PBXBuildFile; productRef = CF0015EE2B4CDEC800563372 /* Quick */; };
		CF0015F12B4CDEC800563372 /* Nimble-Snapshots in Frameworks */ = {isa = PBXBuildFile; productRef = CF0015F02B4CDEC800563372 /* Nimble-Snapshots */; };
		CF0015F52B4CE1FF00563372 /* UIView+AutoLayout.swift in Sources */ = {isa = PBXBuildFile; fileRef = CF0015F42B4CE1FF00563372 /* UIView+AutoLayout.swift */; };
		CF0015F92B4CE67600563372 /* UIViewAutoLayoutTests.swift in Sources */ = {isa = PBXBuildFile; fileRef = CF0015F82B4CE67600563372 /* UIViewAutoLayoutTests.swift */; };
		CF0015FB2B4E036300563372 /* ImageDownloader.swift in Sources */ = {isa = PBXBuildFile; fileRef = CF0015FA2B4E036300563372 /* ImageDownloader.swift */; };
		CF0015FE2B4E064C00563372 /* UIImage+Stub.swift in Sources */ = {isa = PBXBuildFile; fileRef = CF0015FD2B4E064C00563372 /* UIImage+Stub.swift */; };
		CF0016002B4E072200563372 /* ImageDownloadTests.swift in Sources */ = {isa = PBXBuildFile; fileRef = CF0015FF2B4E072200563372 /* ImageDownloadTests.swift */; };
		CF0016022B4E085B00563372 /* ImageCache.swift in Sources */ = {isa = PBXBuildFile; fileRef = CF0016012B4E085B00563372 /* ImageCache.swift */; };
		CF0016042B4E093400563372 /* ImageCacheMock.swift in Sources */ = {isa = PBXBuildFile; fileRef = CF0016032B4E093400563372 /* ImageCacheMock.swift */; };
		CF0016062B4E0EFA00563372 /* MovieListPresenter.swift in Sources */ = {isa = PBXBuildFile; fileRef = CF0016052B4E0EFA00563372 /* MovieListPresenter.swift */; };
		CF0016092B4E0F1400563372 /* MovieRepository.swift in Sources */ = {isa = PBXBuildFile; fileRef = CF0016082B4E0F1400563372 /* MovieRepository.swift */; };
		CF00160B2B4E0F2900563372 /* MovieListView.swift in Sources */ = {isa = PBXBuildFile; fileRef = CF00160A2B4E0F2900563372 /* MovieListView.swift */; };
		CF00160D2B4E0FE900563372 /* MovieListErrorView.swift in Sources */ = {isa = PBXBuildFile; fileRef = CF00160C2B4E0FE900563372 /* MovieListErrorView.swift */; };
		CF0016172B4E10D600563372 /* CommonStrings.swift in Sources */ = {isa = PBXBuildFile; fileRef = CF0016162B4E10D600563372 /* CommonStrings.swift */; };
		CF0016192B4E10E000563372 /* CommonStrings.strings in Resources */ = {isa = PBXBuildFile; fileRef = CF0016182B4E10E000563372 /* CommonStrings.strings */; };
		CF00161E2B4E116600563372 /* UIView+DynamicHeight.swift in Sources */ = {isa = PBXBuildFile; fileRef = CF00161D2B4E116600563372 /* UIView+DynamicHeight.swift */; };
		CF0016202B4E141700563372 /* MovieListErrorViewTests.swift in Sources */ = {isa = PBXBuildFile; fileRef = CF00161F2B4E141700563372 /* MovieListErrorViewTests.swift */; };
		CF0016232B4E186500563372 /* MovieListErrorView+Mirror.swift in Sources */ = {isa = PBXBuildFile; fileRef = CF0016222B4E186500563372 /* MovieListErrorView+Mirror.swift */; };
		CF0016252B4E19D500563372 /* Mirror+Ext.swift in Sources */ = {isa = PBXBuildFile; fileRef = CF0016242B4E19D500563372 /* Mirror+Ext.swift */; };
		CF0016272B4E1B7C00563372 /* MovieListContentView.swift in Sources */ = {isa = PBXBuildFile; fileRef = CF0016262B4E1B7C00563372 /* MovieListContentView.swift */; };
		CF00162A2B4E1BBE00563372 /* MovieListViewPresentation.swift in Sources */ = {isa = PBXBuildFile; fileRef = CF0016292B4E1BBE00563372 /* MovieListViewPresentation.swift */; };
		CF00162C2B4E1F8900563372 /* MovieListViewTests.swift in Sources */ = {isa = PBXBuildFile; fileRef = CF00162B2B4E1F8900563372 /* MovieListViewTests.swift */; };
		CF00162E2B4E1FD700563372 /* MovieListView+Mirror.swift in Sources */ = {isa = PBXBuildFile; fileRef = CF00162D2B4E1FD700563372 /* MovieListView+Mirror.swift */; };
		CF17CEE02B4E3066009F1692 /* MovieListStrings.swift in Sources */ = {isa = PBXBuildFile; fileRef = CF17CEDF2B4E3066009F1692 /* MovieListStrings.swift */; };
		CF17CEE22B4E3072009F1692 /* MovieListStrings.strings in Resources */ = {isa = PBXBuildFile; fileRef = CF17CEE12B4E3072009F1692 /* MovieListStrings.strings */; };
		CF17CEE52B4E32A3009F1692 /* MovieListViewItemCell.swift in Sources */ = {isa = PBXBuildFile; fileRef = CF17CEE42B4E32A3009F1692 /* MovieListViewItemCell.swift */; };
		CF17CEE92B4E3732009F1692 /* MovieListResponse.swift in Sources */ = {isa = PBXBuildFile; fileRef = CF17CEE82B4E3732009F1692 /* MovieListResponse.swift */; };
		CFD1D8082B4C90430038C119 /* AppDelegate.swift in Sources */ = {isa = PBXBuildFile; fileRef = CFD1D8072B4C90430038C119 /* AppDelegate.swift */; };
		CFD1D80A2B4C90430038C119 /* SceneDelegate.swift in Sources */ = {isa = PBXBuildFile; fileRef = CFD1D8092B4C90430038C119 /* SceneDelegate.swift */; };
		CFD1D80C2B4C90430038C119 /* MovieListViewController.swift in Sources */ = {isa = PBXBuildFile; fileRef = CFD1D80B2B4C90430038C119 /* MovieListViewController.swift */; };
		CFD1D8112B4C90450038C119 /* Assets.xcassets in Resources */ = {isa = PBXBuildFile; fileRef = CFD1D8102B4C90450038C119 /* Assets.xcassets */; };
		CFD1D8142B4C90450038C119 /* LaunchScreen.storyboard in Resources */ = {isa = PBXBuildFile; fileRef = CFD1D8122B4C90450038C119 /* LaunchScreen.storyboard */; };
		CFD1D8482B4C93340038C119 /* MovieListViewControllerTests.swift in Sources */ = {isa = PBXBuildFile; fileRef = CFD1D8472B4C93340038C119 /* MovieListViewControllerTests.swift */; };
		CFD1D84A2B4C939E0038C119 /* NetworkManager.swift in Sources */ = {isa = PBXBuildFile; fileRef = CFD1D8492B4C939E0038C119 /* NetworkManager.swift */; };
		CFD1D85F2B4C98A00038C119 /* HttpRequest.swift in Sources */ = {isa = PBXBuildFile; fileRef = CFD1D85E2B4C98A00038C119 /* HttpRequest.swift */; };
		CFD1D8622B4C9B470038C119 /* TheMovieDB-release.xcconfig in Resources */ = {isa = PBXBuildFile; fileRef = CFD1D8612B4C9B470038C119 /* TheMovieDB-release.xcconfig */; };
		CFD1D8642B4C9C480038C119 /* NetworkConfig.swift in Sources */ = {isa = PBXBuildFile; fileRef = CFD1D8632B4C9C480038C119 /* NetworkConfig.swift */; };
		CFD1D8662B4C9F180038C119 /* MainThreadExecutor.swift in Sources */ = {isa = PBXBuildFile; fileRef = CFD1D8652B4C9F180038C119 /* MainThreadExecutor.swift */; };
		CFD1D8692B4CA4060038C119 /* URLSessionMock.swift in Sources */ = {isa = PBXBuildFile; fileRef = CFD1D8682B4CA4060038C119 /* URLSessionMock.swift */; };
		CFD1D86B2B4CA4750038C119 /* URLSessionDataTaskSpy.swift in Sources */ = {isa = PBXBuildFile; fileRef = CFD1D86A2B4CA4750038C119 /* URLSessionDataTaskSpy.swift */; };
		CFD1D86D2B4CA55A0038C119 /* NetworkAPIConfigurationStub.swift in Sources */ = {isa = PBXBuildFile; fileRef = CFD1D86C2B4CA55A0038C119 /* NetworkAPIConfigurationStub.swift */; };
		CFD1D86F2B4CA5F70038C119 /* QueueAsyncExecutorSpy.swift in Sources */ = {isa = PBXBuildFile; fileRef = CFD1D86E2B4CA5F70038C119 /* QueueAsyncExecutorSpy.swift */; };
		CFD1D8742B4CA7B60038C119 /* URLResponse+Stub.swift in Sources */ = {isa = PBXBuildFile; fileRef = CFD1D8732B4CA7B60038C119 /* URLResponse+Stub.swift */; };
		CFD1D8762B4CA8690038C119 /* NetworkManagerTests.swift in Sources */ = {isa = PBXBuildFile; fileRef = CFD1D8752B4CA8690038C119 /* NetworkManagerTests.swift */; };
		CFD1D87C2B4CAC250038C119 /* HTTPRequest+Stub.swift in Sources */ = {isa = PBXBuildFile; fileRef = CFD1D87B2B4CAC250038C119 /* HTTPRequest+Stub.swift */; };
		CFD1D87E2B4CAD7B0038C119 /* ObjectMock.swift in Sources */ = {isa = PBXBuildFile; fileRef = CFD1D87D2B4CAD7B0038C119 /* ObjectMock.swift */; };
		CFD1D8802B4CAFAF0038C119 /* NetworLayerError.swift in Sources */ = {isa = PBXBuildFile; fileRef = CFD1D87F2B4CAFAF0038C119 /* NetworLayerError.swift */; };
		CFD1D8832B4CB0730038C119 /* NetworkStrings.strings in Resources */ = {isa = PBXBuildFile; fileRef = CFD1D8822B4CB0730038C119 /* NetworkStrings.strings */; };
		CFD1D8872B4CB1120038C119 /* NetworkStrings.swift in Sources */ = {isa = PBXBuildFile; fileRef = CFD1D8862B4CB1120038C119 /* NetworkStrings.swift */; };
		CFD1D88A2B4CCB700038C119 /* NetworkLayerErrorTests.swift in Sources */ = {isa = PBXBuildFile; fileRef = CFD1D8892B4CCB700038C119 /* NetworkLayerErrorTests.swift */; };
		CFD1D88E2B4CCCE80038C119 /* BaseCoordinator.swift in Sources */ = {isa = PBXBuildFile; fileRef = CFD1D88D2B4CCCE80038C119 /* BaseCoordinator.swift */; };
		CFD1D8902B4CCD1F0038C119 /* AppCoordinator.swift in Sources */ = {isa = PBXBuildFile; fileRef = CFD1D88F2B4CCD1F0038C119 /* AppCoordinator.swift */; };
		CFD1D8942B4CCDDF0038C119 /* BaseCoordinatorTests.swift in Sources */ = {isa = PBXBuildFile; fileRef = CFD1D8932B4CCDDF0038C119 /* BaseCoordinatorTests.swift */; };
		CFD1D8972B4CCDEB0038C119 /* CoordinatorFake.swift in Sources */ = {isa = PBXBuildFile; fileRef = CFD1D8962B4CCDEB0038C119 /* CoordinatorFake.swift */; };
		CFD1D89B2B4CD0AE0038C119 /* MovieCoordinator.swift in Sources */ = {isa = PBXBuildFile; fileRef = CFD1D89A2B4CD0AE0038C119 /* MovieCoordinator.swift */; };
		CFD1D89E2B4CD48E0038C119 /* AppCoordinatorTests.swift in Sources */ = {isa = PBXBuildFile; fileRef = CFD1D89D2B4CD48E0038C119 /* AppCoordinatorTests.swift */; };
		CFD1D8A02B4CD49F0038C119 /* UINavigationControllerSpy.swift in Sources */ = {isa = PBXBuildFile; fileRef = CFD1D89F2B4CD49F0038C119 /* UINavigationControllerSpy.swift */; };
		CFD1D8A32B4CD8EC0038C119 /* UIWindowSpy.swift in Sources */ = {isa = PBXBuildFile; fileRef = CFD1D8A22B4CD8EC0038C119 /* UIWindowSpy.swift */; };
/* End PBXBuildFile section */

/* Begin PBXContainerItemProxy section */
		CFD1D81B2B4C90450038C119 /* PBXContainerItemProxy */ = {
			isa = PBXContainerItemProxy;
			containerPortal = CFD1D7FC2B4C90430038C119 /* Project object */;
			proxyType = 1;
			remoteGlobalIDString = CFD1D8032B4C90430038C119;
			remoteInfo = TheMovieDB;
		};
/* End PBXContainerItemProxy section */

/* Begin PBXFileReference section */
		CF0015F42B4CE1FF00563372 /* UIView+AutoLayout.swift */ = {isa = PBXFileReference; lastKnownFileType = sourcecode.swift; path = "UIView+AutoLayout.swift"; sourceTree = "<group>"; };
		CF0015F82B4CE67600563372 /* UIViewAutoLayoutTests.swift */ = {isa = PBXFileReference; lastKnownFileType = sourcecode.swift; path = UIViewAutoLayoutTests.swift; sourceTree = "<group>"; };
		CF0015FA2B4E036300563372 /* ImageDownloader.swift */ = {isa = PBXFileReference; lastKnownFileType = sourcecode.swift; path = ImageDownloader.swift; sourceTree = "<group>"; };
		CF0015FD2B4E064C00563372 /* UIImage+Stub.swift */ = {isa = PBXFileReference; lastKnownFileType = sourcecode.swift; path = "UIImage+Stub.swift"; sourceTree = "<group>"; };
		CF0015FF2B4E072200563372 /* ImageDownloadTests.swift */ = {isa = PBXFileReference; lastKnownFileType = sourcecode.swift; path = ImageDownloadTests.swift; sourceTree = "<group>"; };
		CF0016012B4E085B00563372 /* ImageCache.swift */ = {isa = PBXFileReference; lastKnownFileType = sourcecode.swift; path = ImageCache.swift; sourceTree = "<group>"; };
		CF0016032B4E093400563372 /* ImageCacheMock.swift */ = {isa = PBXFileReference; lastKnownFileType = sourcecode.swift; path = ImageCacheMock.swift; sourceTree = "<group>"; };
		CF0016052B4E0EFA00563372 /* MovieListPresenter.swift */ = {isa = PBXFileReference; lastKnownFileType = sourcecode.swift; path = MovieListPresenter.swift; sourceTree = "<group>"; };
		CF0016082B4E0F1400563372 /* MovieRepository.swift */ = {isa = PBXFileReference; lastKnownFileType = sourcecode.swift; path = MovieRepository.swift; sourceTree = "<group>"; };
		CF00160A2B4E0F2900563372 /* MovieListView.swift */ = {isa = PBXFileReference; lastKnownFileType = sourcecode.swift; path = MovieListView.swift; sourceTree = "<group>"; };
		CF00160C2B4E0FE900563372 /* MovieListErrorView.swift */ = {isa = PBXFileReference; lastKnownFileType = sourcecode.swift; path = MovieListErrorView.swift; sourceTree = "<group>"; };
		CF0016162B4E10D600563372 /* CommonStrings.swift */ = {isa = PBXFileReference; lastKnownFileType = sourcecode.swift; path = CommonStrings.swift; sourceTree = "<group>"; };
		CF0016182B4E10E000563372 /* CommonStrings.strings */ = {isa = PBXFileReference; lastKnownFileType = text.plist.strings; path = CommonStrings.strings; sourceTree = "<group>"; };
		CF00161D2B4E116600563372 /* UIView+DynamicHeight.swift */ = {isa = PBXFileReference; lastKnownFileType = sourcecode.swift; path = "UIView+DynamicHeight.swift"; sourceTree = "<group>"; };
		CF00161F2B4E141700563372 /* MovieListErrorViewTests.swift */ = {isa = PBXFileReference; lastKnownFileType = sourcecode.swift; path = MovieListErrorViewTests.swift; sourceTree = "<group>"; };
		CF0016222B4E186500563372 /* MovieListErrorView+Mirror.swift */ = {isa = PBXFileReference; lastKnownFileType = sourcecode.swift; path = "MovieListErrorView+Mirror.swift"; sourceTree = "<group>"; };
		CF0016242B4E19D500563372 /* Mirror+Ext.swift */ = {isa = PBXFileReference; lastKnownFileType = sourcecode.swift; path = "Mirror+Ext.swift"; sourceTree = "<group>"; };
		CF0016262B4E1B7C00563372 /* MovieListContentView.swift */ = {isa = PBXFileReference; lastKnownFileType = sourcecode.swift; path = MovieListContentView.swift; sourceTree = "<group>"; };
		CF0016292B4E1BBE00563372 /* MovieListViewPresentation.swift */ = {isa = PBXFileReference; lastKnownFileType = sourcecode.swift; path = MovieListViewPresentation.swift; sourceTree = "<group>"; };
		CF00162B2B4E1F8900563372 /* MovieListViewTests.swift */ = {isa = PBXFileReference; lastKnownFileType = sourcecode.swift; path = MovieListViewTests.swift; sourceTree = "<group>"; };
		CF00162D2B4E1FD700563372 /* MovieListView+Mirror.swift */ = {isa = PBXFileReference; lastKnownFileType = sourcecode.swift; path = "MovieListView+Mirror.swift"; sourceTree = "<group>"; };
		CF17CEDF2B4E3066009F1692 /* MovieListStrings.swift */ = {isa = PBXFileReference; lastKnownFileType = sourcecode.swift; path = MovieListStrings.swift; sourceTree = "<group>"; };
		CF17CEE12B4E3072009F1692 /* MovieListStrings.strings */ = {isa = PBXFileReference; lastKnownFileType = text.plist.strings; path = MovieListStrings.strings; sourceTree = "<group>"; };
		CF17CEE42B4E32A3009F1692 /* MovieListViewItemCell.swift */ = {isa = PBXFileReference; lastKnownFileType = sourcecode.swift; path = MovieListViewItemCell.swift; sourceTree = "<group>"; };
		CF17CEE82B4E3732009F1692 /* MovieListResponse.swift */ = {isa = PBXFileReference; lastKnownFileType = sourcecode.swift; path = MovieListResponse.swift; sourceTree = "<group>"; };
		CFD1D8042B4C90430038C119 /* TheMovieDB.app */ = {isa = PBXFileReference; explicitFileType = wrapper.application; includeInIndex = 0; path = TheMovieDB.app; sourceTree = BUILT_PRODUCTS_DIR; };
		CFD1D8072B4C90430038C119 /* AppDelegate.swift */ = {isa = PBXFileReference; lastKnownFileType = sourcecode.swift; path = AppDelegate.swift; sourceTree = "<group>"; };
		CFD1D8092B4C90430038C119 /* SceneDelegate.swift */ = {isa = PBXFileReference; lastKnownFileType = sourcecode.swift; path = SceneDelegate.swift; sourceTree = "<group>"; };
		CFD1D80B2B4C90430038C119 /* MovieListViewController.swift */ = {isa = PBXFileReference; lastKnownFileType = sourcecode.swift; path = MovieListViewController.swift; sourceTree = "<group>"; };
		CFD1D8102B4C90450038C119 /* Assets.xcassets */ = {isa = PBXFileReference; lastKnownFileType = folder.assetcatalog; path = Assets.xcassets; sourceTree = "<group>"; };
		CFD1D8132B4C90450038C119 /* Base */ = {isa = PBXFileReference; lastKnownFileType = file.storyboard; name = Base; path = Base.lproj/LaunchScreen.storyboard; sourceTree = "<group>"; };
		CFD1D8152B4C90450038C119 /* Info.plist */ = {isa = PBXFileReference; lastKnownFileType = text.plist.xml; path = Info.plist; sourceTree = "<group>"; };
		CFD1D81A2B4C90450038C119 /* TheMovieDBTests.xctest */ = {isa = PBXFileReference; explicitFileType = wrapper.cfbundle; includeInIndex = 0; path = TheMovieDBTests.xctest; sourceTree = BUILT_PRODUCTS_DIR; };
		CFD1D8472B4C93340038C119 /* MovieListViewControllerTests.swift */ = {isa = PBXFileReference; lastKnownFileType = sourcecode.swift; path = MovieListViewControllerTests.swift; sourceTree = "<group>"; };
		CFD1D8492B4C939E0038C119 /* NetworkManager.swift */ = {isa = PBXFileReference; lastKnownFileType = sourcecode.swift; path = NetworkManager.swift; sourceTree = "<group>"; };
		CFD1D85E2B4C98A00038C119 /* HttpRequest.swift */ = {isa = PBXFileReference; lastKnownFileType = sourcecode.swift; path = HttpRequest.swift; sourceTree = "<group>"; };
		CFD1D8612B4C9B470038C119 /* TheMovieDB-release.xcconfig */ = {isa = PBXFileReference; lastKnownFileType = text.xcconfig; path = "TheMovieDB-release.xcconfig"; sourceTree = "<group>"; };
		CFD1D8632B4C9C480038C119 /* NetworkConfig.swift */ = {isa = PBXFileReference; lastKnownFileType = sourcecode.swift; path = NetworkConfig.swift; sourceTree = "<group>"; };
		CFD1D8652B4C9F180038C119 /* MainThreadExecutor.swift */ = {isa = PBXFileReference; lastKnownFileType = sourcecode.swift; path = MainThreadExecutor.swift; sourceTree = "<group>"; };
		CFD1D8682B4CA4060038C119 /* URLSessionMock.swift */ = {isa = PBXFileReference; lastKnownFileType = sourcecode.swift; path = URLSessionMock.swift; sourceTree = "<group>"; };
		CFD1D86A2B4CA4750038C119 /* URLSessionDataTaskSpy.swift */ = {isa = PBXFileReference; lastKnownFileType = sourcecode.swift; path = URLSessionDataTaskSpy.swift; sourceTree = "<group>"; };
		CFD1D86C2B4CA55A0038C119 /* NetworkAPIConfigurationStub.swift */ = {isa = PBXFileReference; lastKnownFileType = sourcecode.swift; path = NetworkAPIConfigurationStub.swift; sourceTree = "<group>"; };
		CFD1D86E2B4CA5F70038C119 /* QueueAsyncExecutorSpy.swift */ = {isa = PBXFileReference; lastKnownFileType = sourcecode.swift; path = QueueAsyncExecutorSpy.swift; sourceTree = "<group>"; };
		CFD1D8732B4CA7B60038C119 /* URLResponse+Stub.swift */ = {isa = PBXFileReference; lastKnownFileType = sourcecode.swift; path = "URLResponse+Stub.swift"; sourceTree = "<group>"; };
		CFD1D8752B4CA8690038C119 /* NetworkManagerTests.swift */ = {isa = PBXFileReference; lastKnownFileType = sourcecode.swift; path = NetworkManagerTests.swift; sourceTree = "<group>"; };
		CFD1D87B2B4CAC250038C119 /* HTTPRequest+Stub.swift */ = {isa = PBXFileReference; lastKnownFileType = sourcecode.swift; path = "HTTPRequest+Stub.swift"; sourceTree = "<group>"; };
		CFD1D87D2B4CAD7B0038C119 /* ObjectMock.swift */ = {isa = PBXFileReference; lastKnownFileType = sourcecode.swift; path = ObjectMock.swift; sourceTree = "<group>"; };
		CFD1D87F2B4CAFAF0038C119 /* NetworLayerError.swift */ = {isa = PBXFileReference; lastKnownFileType = sourcecode.swift; path = NetworLayerError.swift; sourceTree = "<group>"; };
		CFD1D8822B4CB0730038C119 /* NetworkStrings.strings */ = {isa = PBXFileReference; lastKnownFileType = text.plist.strings; path = NetworkStrings.strings; sourceTree = "<group>"; };
		CFD1D8862B4CB1120038C119 /* NetworkStrings.swift */ = {isa = PBXFileReference; lastKnownFileType = sourcecode.swift; path = NetworkStrings.swift; sourceTree = "<group>"; };
		CFD1D8892B4CCB700038C119 /* NetworkLayerErrorTests.swift */ = {isa = PBXFileReference; lastKnownFileType = sourcecode.swift; path = NetworkLayerErrorTests.swift; sourceTree = "<group>"; };
		CFD1D88D2B4CCCE80038C119 /* BaseCoordinator.swift */ = {isa = PBXFileReference; lastKnownFileType = sourcecode.swift; path = BaseCoordinator.swift; sourceTree = "<group>"; };
		CFD1D88F2B4CCD1F0038C119 /* AppCoordinator.swift */ = {isa = PBXFileReference; lastKnownFileType = sourcecode.swift; path = AppCoordinator.swift; sourceTree = "<group>"; };
		CFD1D8932B4CCDDF0038C119 /* BaseCoordinatorTests.swift */ = {isa = PBXFileReference; lastKnownFileType = sourcecode.swift; path = BaseCoordinatorTests.swift; sourceTree = "<group>"; };
		CFD1D8962B4CCDEB0038C119 /* CoordinatorFake.swift */ = {isa = PBXFileReference; lastKnownFileType = sourcecode.swift; path = CoordinatorFake.swift; sourceTree = "<group>"; };
		CFD1D89A2B4CD0AE0038C119 /* MovieCoordinator.swift */ = {isa = PBXFileReference; lastKnownFileType = sourcecode.swift; path = MovieCoordinator.swift; sourceTree = "<group>"; };
		CFD1D89D2B4CD48E0038C119 /* AppCoordinatorTests.swift */ = {isa = PBXFileReference; lastKnownFileType = sourcecode.swift; path = AppCoordinatorTests.swift; sourceTree = "<group>"; };
		CFD1D89F2B4CD49F0038C119 /* UINavigationControllerSpy.swift */ = {isa = PBXFileReference; lastKnownFileType = sourcecode.swift; path = UINavigationControllerSpy.swift; sourceTree = "<group>"; };
		CFD1D8A22B4CD8EC0038C119 /* UIWindowSpy.swift */ = {isa = PBXFileReference; lastKnownFileType = sourcecode.swift; path = UIWindowSpy.swift; sourceTree = "<group>"; };
/* End PBXFileReference section */

/* Begin PBXFrameworksBuildPhase section */
		CFD1D8012B4C90430038C119 /* Frameworks */ = {
			isa = PBXFrameworksBuildPhase;
			buildActionMask = 2147483647;
			files = (
			);
			runOnlyForDeploymentPostprocessing = 0;
		};
		CFD1D8172B4C90450038C119 /* Frameworks */ = {
			isa = PBXFrameworksBuildPhase;
			buildActionMask = 2147483647;
			files = (
				CF0015EF2B4CDEC800563372 /* Quick in Frameworks */,
				CF0015ED2B4CDEC800563372 /* Nimble in Frameworks */,
				CF0015F12B4CDEC800563372 /* Nimble-Snapshots in Frameworks */,
			);
			runOnlyForDeploymentPostprocessing = 0;
		};
/* End PBXFrameworksBuildPhase section */

/* Begin PBXGroup section */
		CF0015EB2B4CDEC800563372 /* Frameworks */ = {
			isa = PBXGroup;
			children = (
			);
			name = Frameworks;
			sourceTree = "<group>";
		};
		CF0015F32B4CE1EC00563372 /* Constraints */ = {
			isa = PBXGroup;
			children = (
				CF0015F42B4CE1FF00563372 /* UIView+AutoLayout.swift */,
			);
			path = Constraints;
			sourceTree = "<group>";
		};
		CF0015F62B4CE66100563372 /* UI */ = {
			isa = PBXGroup;
			children = (
				CF0015F72B4CE66600563372 /* Constraints */,
			);
			path = UI;
			sourceTree = "<group>";
		};
		CF0015F72B4CE66600563372 /* Constraints */ = {
			isa = PBXGroup;
			children = (
				CF0015F82B4CE67600563372 /* UIViewAutoLayoutTests.swift */,
			);
			path = Constraints;
			sourceTree = "<group>";
		};
		CF0015FC2B4E063C00563372 /* Stub */ = {
			isa = PBXGroup;
			children = (
				CF0015FD2B4E064C00563372 /* UIImage+Stub.swift */,
			);
			path = Stub;
			sourceTree = "<group>";
		};
		CF0016072B4E0EFD00563372 /* Network */ = {
			isa = PBXGroup;
			children = (
				CF0016082B4E0F1400563372 /* MovieRepository.swift */,
			);
			path = Network;
			sourceTree = "<group>";
		};
		CF0016152B4E10CD00563372 /* Strings */ = {
			isa = PBXGroup;
			children = (
				CF0016162B4E10D600563372 /* CommonStrings.swift */,
				CF0016182B4E10E000563372 /* CommonStrings.strings */,
			);
			path = Strings;
			sourceTree = "<group>";
		};
		CF00161A2B4E113900563372 /* Queue */ = {
			isa = PBXGroup;
			children = (
				CFD1D8652B4C9F180038C119 /* MainThreadExecutor.swift */,
			);
			path = Queue;
			sourceTree = "<group>";
		};
		CF00161C2B4E115800563372 /* TestHelpers */ = {
			isa = PBXGroup;
			children = (
				CF00161D2B4E116600563372 /* UIView+DynamicHeight.swift */,
				CF0016242B4E19D500563372 /* Mirror+Ext.swift */,
			);
			path = TestHelpers;
			sourceTree = "<group>";
		};
		CF0016212B4E184700563372 /* Mirror */ = {
			isa = PBXGroup;
			children = (
				CF0016222B4E186500563372 /* MovieListErrorView+Mirror.swift */,
				CF00162D2B4E1FD700563372 /* MovieListView+Mirror.swift */,
			);
			path = Mirror;
			sourceTree = "<group>";
		};
		CF0016282B4E1BA500563372 /* Models */ = {
			isa = PBXGroup;
			children = (
				CF0016292B4E1BBE00563372 /* MovieListViewPresentation.swift */,
			);
			path = Models;
			sourceTree = "<group>";
		};
		CF17CEDE2B4E3047009F1692 /* Strings */ = {
			isa = PBXGroup;
			children = (
				CF17CEDF2B4E3066009F1692 /* MovieListStrings.swift */,
				CF17CEE12B4E3072009F1692 /* MovieListStrings.strings */,
			);
			path = Strings;
			sourceTree = "<group>";
		};
		CF17CEE32B4E3275009F1692 /* Cells */ = {
			isa = PBXGroup;
			children = (
				CF17CEE42B4E32A3009F1692 /* MovieListViewItemCell.swift */,
			);
			path = Cells;
			sourceTree = "<group>";
		};
		CF17CEE62B4E3694009F1692 /* Models */ = {
			isa = PBXGroup;
			children = (
				CF17CEE82B4E3732009F1692 /* MovieListResponse.swift */,
			);
			path = Models;
			sourceTree = "<group>";
		};
		CFD1D7FB2B4C90430038C119 = {
			isa = PBXGroup;
			children = (
				CFD1D8062B4C90430038C119 /* TheMovieDB */,
				CFD1D81D2B4C90450038C119 /* TheMovieDBTests */,
				CFD1D8052B4C90430038C119 /* Products */,
				CF0015EB2B4CDEC800563372 /* Frameworks */,
			);
			sourceTree = "<group>";
		};
		CFD1D8052B4C90430038C119 /* Products */ = {
			isa = PBXGroup;
			children = (
				CFD1D8042B4C90430038C119 /* TheMovieDB.app */,
				CFD1D81A2B4C90450038C119 /* TheMovieDBTests.xctest */,
			);
			name = Products;
			sourceTree = "<group>";
		};
		CFD1D8062B4C90430038C119 /* TheMovieDB */ = {
			isa = PBXGroup;
			children = (
				CFD1D8602B4C9B160038C119 /* Configs */,
				CFD1D8432B4C92FA0038C119 /* Network */,
				CFD1D83D2B4C91950038C119 /* Common */,
				CFD1D83C2B4C91890038C119 /* UI */,
				CFD1D8382B4C909C0038C119 /* Resources */,
				CFD1D8372B4C908F0038C119 /* App */,
				CFD1D8392B4C90EA0038C119 /* Scenes */,
			);
			path = TheMovieDB;
			sourceTree = "<group>";
		};
		CFD1D81D2B4C90450038C119 /* TheMovieDBTests */ = {
			isa = PBXGroup;
			children = (
				CF00161C2B4E115800563372 /* TestHelpers */,
				CF0015F62B4CE66100563372 /* UI */,
				CFD1D89C2B4CD4210038C119 /* App */,
				CFD1D8912B4CCD260038C119 /* Common */,
				CFD1D88B2B4CCCB70038C119 /* UIKitDoubles */,
				CFD1D85D2B4C98400038C119 /* Network */,
				CFD1D8442B4C93110038C119 /* Scenes */,
			);
			path = TheMovieDBTests;
			sourceTree = "<group>";
		};
		CFD1D8372B4C908F0038C119 /* App */ = {
			isa = PBXGroup;
			children = (
				CFD1D8092B4C90430038C119 /* SceneDelegate.swift */,
				CFD1D8072B4C90430038C119 /* AppDelegate.swift */,
				CFD1D88F2B4CCD1F0038C119 /* AppCoordinator.swift */,
			);
			path = App;
			sourceTree = "<group>";
		};
		CFD1D8382B4C909C0038C119 /* Resources */ = {
			isa = PBXGroup;
			children = (
				CFD1D8102B4C90450038C119 /* Assets.xcassets */,
				CFD1D8122B4C90450038C119 /* LaunchScreen.storyboard */,
				CFD1D8152B4C90450038C119 /* Info.plist */,
			);
			path = Resources;
			sourceTree = "<group>";
		};
		CFD1D8392B4C90EA0038C119 /* Scenes */ = {
			isa = PBXGroup;
			children = (
				CFD1D8982B4CD07D0038C119 /* Movies */,
			);
			path = Scenes;
			sourceTree = "<group>";
		};
		CFD1D83A2B4C90F80038C119 /* MovieList */ = {
			isa = PBXGroup;
			children = (
				CF17CEDE2B4E3047009F1692 /* Strings */,
				CF0016282B4E1BA500563372 /* Models */,
				CFD1D83B2B4C91790038C119 /* Views */,
				CFD1D80B2B4C90430038C119 /* MovieListViewController.swift */,
				CF0016052B4E0EFA00563372 /* MovieListPresenter.swift */,
			);
			path = MovieList;
			sourceTree = "<group>";
		};
		CFD1D83B2B4C91790038C119 /* Views */ = {
			isa = PBXGroup;
			children = (
				CF17CEE32B4E3275009F1692 /* Cells */,
				CF00160A2B4E0F2900563372 /* MovieListView.swift */,
				CF00160C2B4E0FE900563372 /* MovieListErrorView.swift */,
				CF0016262B4E1B7C00563372 /* MovieListContentView.swift */,
			);
			path = Views;
			sourceTree = "<group>";
		};
		CFD1D83C2B4C91890038C119 /* UI */ = {
			isa = PBXGroup;
			children = (
				CF0015F32B4CE1EC00563372 /* Constraints */,
			);
			path = UI;
			sourceTree = "<group>";
		};
		CFD1D83D2B4C91950038C119 /* Common */ = {
			isa = PBXGroup;
			children = (
				CF00161A2B4E113900563372 /* Queue */,
				CF0016152B4E10CD00563372 /* Strings */,
				CFD1D88C2B4CCCDA0038C119 /* Coordinator */,
			);
			path = Common;
			sourceTree = "<group>";
		};
		CFD1D8432B4C92FA0038C119 /* Network */ = {
			isa = PBXGroup;
			children = (
				CFD1D8852B4CB1060038C119 /* Strings */,
				CFD1D8492B4C939E0038C119 /* NetworkManager.swift */,
				CFD1D85E2B4C98A00038C119 /* HttpRequest.swift */,
				CFD1D8632B4C9C480038C119 /* NetworkConfig.swift */,
				CFD1D87F2B4CAFAF0038C119 /* NetworLayerError.swift */,
				CF0015FA2B4E036300563372 /* ImageDownloader.swift */,
				CF0016012B4E085B00563372 /* ImageCache.swift */,
			);
			path = Network;
			sourceTree = "<group>";
		};
		CFD1D8442B4C93110038C119 /* Scenes */ = {
			isa = PBXGroup;
			children = (
				CFD1D8992B4CD08C0038C119 /* Movies */,
			);
			path = Scenes;
			sourceTree = "<group>";
		};
		CFD1D8452B4C93170038C119 /* MovieList */ = {
			isa = PBXGroup;
			children = (
				CF0016212B4E184700563372 /* Mirror */,
				CFD1D8462B4C931D0038C119 /* Views */,
				CFD1D8472B4C93340038C119 /* MovieListViewControllerTests.swift */,
			);
			path = MovieList;
			sourceTree = "<group>";
		};
		CFD1D8462B4C931D0038C119 /* Views */ = {
			isa = PBXGroup;
			children = (
				CF00161F2B4E141700563372 /* MovieListErrorViewTests.swift */,
				CF00162B2B4E1F8900563372 /* MovieListViewTests.swift */,
			);
			path = Views;
			sourceTree = "<group>";
		};
		CFD1D85D2B4C98400038C119 /* Network */ = {
			isa = PBXGroup;
			children = (
				CFD1D8672B4CA3E20038C119 /* Doubles */,
				CFD1D8752B4CA8690038C119 /* NetworkManagerTests.swift */,
				CFD1D8892B4CCB700038C119 /* NetworkLayerErrorTests.swift */,
				CF0015FF2B4E072200563372 /* ImageDownloadTests.swift */,
			);
			path = Network;
			sourceTree = "<group>";
		};
		CFD1D8602B4C9B160038C119 /* Configs */ = {
			isa = PBXGroup;
			children = (
				CFD1D8612B4C9B470038C119 /* TheMovieDB-release.xcconfig */,
			);
			path = Configs;
			sourceTree = "<group>";
		};
		CFD1D8672B4CA3E20038C119 /* Doubles */ = {
			isa = PBXGroup;
			children = (
				CFD1D8722B4CA7910038C119 /* Mock */,
				CFD1D8712B4CA78C0038C119 /* Stub */,
				CFD1D8702B4CA7800038C119 /* Spy */,
			);
			path = Doubles;
			sourceTree = "<group>";
		};
		CFD1D8702B4CA7800038C119 /* Spy */ = {
			isa = PBXGroup;
			children = (
				CFD1D86A2B4CA4750038C119 /* URLSessionDataTaskSpy.swift */,
				CFD1D86E2B4CA5F70038C119 /* QueueAsyncExecutorSpy.swift */,
			);
			path = Spy;
			sourceTree = "<group>";
		};
		CFD1D8712B4CA78C0038C119 /* Stub */ = {
			isa = PBXGroup;
			children = (
				CFD1D86C2B4CA55A0038C119 /* NetworkAPIConfigurationStub.swift */,
				CFD1D8732B4CA7B60038C119 /* URLResponse+Stub.swift */,
				CFD1D87B2B4CAC250038C119 /* HTTPRequest+Stub.swift */,
			);
			path = Stub;
			sourceTree = "<group>";
		};
		CFD1D8722B4CA7910038C119 /* Mock */ = {
			isa = PBXGroup;
			children = (
				CF0016032B4E093400563372 /* ImageCacheMock.swift */,
				CFD1D8682B4CA4060038C119 /* URLSessionMock.swift */,
				CFD1D87D2B4CAD7B0038C119 /* ObjectMock.swift */,
			);
			path = Mock;
			sourceTree = "<group>";
		};
		CFD1D8852B4CB1060038C119 /* Strings */ = {
			isa = PBXGroup;
			children = (
				CFD1D8822B4CB0730038C119 /* NetworkStrings.strings */,
				CFD1D8862B4CB1120038C119 /* NetworkStrings.swift */,
			);
			path = Strings;
			sourceTree = "<group>";
		};
		CFD1D88B2B4CCCB70038C119 /* UIKitDoubles */ = {
			isa = PBXGroup;
			children = (
				CF0015FC2B4E063C00563372 /* Stub */,
				CFD1D8A12B4CD5C50038C119 /* Spy */,
			);
			path = UIKitDoubles;
			sourceTree = "<group>";
		};
		CFD1D88C2B4CCCDA0038C119 /* Coordinator */ = {
			isa = PBXGroup;
			children = (
				CFD1D88D2B4CCCE80038C119 /* BaseCoordinator.swift */,
			);
			path = Coordinator;
			sourceTree = "<group>";
		};
		CFD1D8912B4CCD260038C119 /* Common */ = {
			isa = PBXGroup;
			children = (
				CFD1D8922B4CCDD50038C119 /* Coordinator */,
			);
			path = Common;
			sourceTree = "<group>";
		};
		CFD1D8922B4CCDD50038C119 /* Coordinator */ = {
			isa = PBXGroup;
			children = (
				CFD1D8952B4CCDE30038C119 /* Doubles */,
				CFD1D8932B4CCDDF0038C119 /* BaseCoordinatorTests.swift */,
			);
			path = Coordinator;
			sourceTree = "<group>";
		};
		CFD1D8952B4CCDE30038C119 /* Doubles */ = {
			isa = PBXGroup;
			children = (
				CFD1D8962B4CCDEB0038C119 /* CoordinatorFake.swift */,
			);
			path = Doubles;
			sourceTree = "<group>";
		};
		CFD1D8982B4CD07D0038C119 /* Movies */ = {
			isa = PBXGroup;
			children = (
				CF17CEE62B4E3694009F1692 /* Models */,
				CF0016072B4E0EFD00563372 /* Network */,
				CFD1D83A2B4C90F80038C119 /* MovieList */,
				CFD1D89A2B4CD0AE0038C119 /* MovieCoordinator.swift */,
			);
			path = Movies;
			sourceTree = "<group>";
		};
		CFD1D8992B4CD08C0038C119 /* Movies */ = {
			isa = PBXGroup;
			children = (
				CFD1D8452B4C93170038C119 /* MovieList */,
			);
			path = Movies;
			sourceTree = "<group>";
		};
		CFD1D89C2B4CD4210038C119 /* App */ = {
			isa = PBXGroup;
			children = (
				CFD1D89D2B4CD48E0038C119 /* AppCoordinatorTests.swift */,
			);
			path = App;
			sourceTree = "<group>";
		};
		CFD1D8A12B4CD5C50038C119 /* Spy */ = {
			isa = PBXGroup;
			children = (
				CFD1D89F2B4CD49F0038C119 /* UINavigationControllerSpy.swift */,
				CFD1D8A22B4CD8EC0038C119 /* UIWindowSpy.swift */,
			);
			path = Spy;
			sourceTree = "<group>";
		};
/* End PBXGroup section */

/* Begin PBXNativeTarget section */
		CFD1D8032B4C90430038C119 /* TheMovieDB */ = {
			isa = PBXNativeTarget;
			buildConfigurationList = CFD1D82E2B4C90450038C119 /* Build configuration list for PBXNativeTarget "TheMovieDB" */;
			buildPhases = (
				CFD1D8002B4C90430038C119 /* Sources */,
				CFD1D8012B4C90430038C119 /* Frameworks */,
				CFD1D8022B4C90430038C119 /* Resources */,
			);
			buildRules = (
			);
			dependencies = (
			);
			name = TheMovieDB;
			packageProductDependencies = (
			);
			productName = TheMovieDB;
			productReference = CFD1D8042B4C90430038C119 /* TheMovieDB.app */;
			productType = "com.apple.product-type.application";
		};
		CFD1D8192B4C90450038C119 /* TheMovieDBTests */ = {
			isa = PBXNativeTarget;
			buildConfigurationList = CFD1D8312B4C90450038C119 /* Build configuration list for PBXNativeTarget "TheMovieDBTests" */;
			buildPhases = (
				CFD1D8162B4C90450038C119 /* Sources */,
				CFD1D8172B4C90450038C119 /* Frameworks */,
				CFD1D8182B4C90450038C119 /* Resources */,
			);
			buildRules = (
			);
			dependencies = (
				CFD1D81C2B4C90450038C119 /* PBXTargetDependency */,
			);
			name = TheMovieDBTests;
			packageProductDependencies = (
				CF0015EC2B4CDEC800563372 /* Nimble */,
				CF0015EE2B4CDEC800563372 /* Quick */,
				CF0015F02B4CDEC800563372 /* Nimble-Snapshots */,
			);
			productName = TheMovieDBTests;
			productReference = CFD1D81A2B4C90450038C119 /* TheMovieDBTests.xctest */;
			productType = "com.apple.product-type.bundle.unit-test";
		};
/* End PBXNativeTarget section */

/* Begin PBXProject section */
		CFD1D7FC2B4C90430038C119 /* Project object */ = {
			isa = PBXProject;
			attributes = {
				BuildIndependentTargetsInParallel = 1;
				LastSwiftUpdateCheck = 1320;
				LastUpgradeCheck = 1320;
				TargetAttributes = {
					CFD1D8032B4C90430038C119 = {
						CreatedOnToolsVersion = 13.2.1;
					};
					CFD1D8192B4C90450038C119 = {
						CreatedOnToolsVersion = 13.2.1;
						LastSwiftMigration = 1320;
						TestTargetID = CFD1D8032B4C90430038C119;
					};
				};
			};
			buildConfigurationList = CFD1D7FF2B4C90430038C119 /* Build configuration list for PBXProject "TheMovieDB" */;
			compatibilityVersion = "Xcode 13.0";
			developmentRegion = en;
			hasScannedForEncodings = 0;
			knownRegions = (
				en,
				Base,
			);
			mainGroup = CFD1D7FB2B4C90430038C119;
			packageReferences = (
				CF0015E22B4CDE8700563372 /* XCRemoteSwiftPackageReference "Nimble" */,
				CF0015E52B4CDE9500563372 /* XCRemoteSwiftPackageReference "Quick" */,
				CF0015E82B4CDEC100563372 /* XCRemoteSwiftPackageReference "Nimble-Snapshots" */,
			);
			productRefGroup = CFD1D8052B4C90430038C119 /* Products */;
			projectDirPath = "";
			projectRoot = "";
			targets = (
				CFD1D8032B4C90430038C119 /* TheMovieDB */,
				CFD1D8192B4C90450038C119 /* TheMovieDBTests */,
			);
		};
/* End PBXProject section */

/* Begin PBXResourcesBuildPhase section */
		CFD1D8022B4C90430038C119 /* Resources */ = {
			isa = PBXResourcesBuildPhase;
			buildActionMask = 2147483647;
			files = (
				CFD1D8142B4C90450038C119 /* LaunchScreen.storyboard in Resources */,
				CF0016192B4E10E000563372 /* CommonStrings.strings in Resources */,
				CF17CEE22B4E3072009F1692 /* MovieListStrings.strings in Resources */,
				CFD1D8622B4C9B470038C119 /* TheMovieDB-release.xcconfig in Resources */,
				CFD1D8832B4CB0730038C119 /* NetworkStrings.strings in Resources */,
				CFD1D8112B4C90450038C119 /* Assets.xcassets in Resources */,
			);
			runOnlyForDeploymentPostprocessing = 0;
		};
		CFD1D8182B4C90450038C119 /* Resources */ = {
			isa = PBXResourcesBuildPhase;
			buildActionMask = 2147483647;
			files = (
			);
			runOnlyForDeploymentPostprocessing = 0;
		};
/* End PBXResourcesBuildPhase section */

/* Begin PBXSourcesBuildPhase section */
		CFD1D8002B4C90430038C119 /* Sources */ = {
			isa = PBXSourcesBuildPhase;
			buildActionMask = 2147483647;
			files = (
				CF17CEE02B4E3066009F1692 /* MovieListStrings.swift in Sources */,
				CF0016022B4E085B00563372 /* ImageCache.swift in Sources */,
				CF0016172B4E10D600563372 /* CommonStrings.swift in Sources */,
				CFD1D8902B4CCD1F0038C119 /* AppCoordinator.swift in Sources */,
				CF00162A2B4E1BBE00563372 /* MovieListViewPresentation.swift in Sources */,
				CFD1D84A2B4C939E0038C119 /* NetworkManager.swift in Sources */,
				CF0015FB2B4E036300563372 /* ImageDownloader.swift in Sources */,
				CFD1D85F2B4C98A00038C119 /* HttpRequest.swift in Sources */,
				CF0016092B4E0F1400563372 /* MovieRepository.swift in Sources */,
				CFD1D8642B4C9C480038C119 /* NetworkConfig.swift in Sources */,
				CF0016272B4E1B7C00563372 /* MovieListContentView.swift in Sources */,
				CFD1D80C2B4C90430038C119 /* MovieListViewController.swift in Sources */,
				CF0016062B4E0EFA00563372 /* MovieListPresenter.swift in Sources */,
				CF17CEE92B4E3732009F1692 /* MovieListResponse.swift in Sources */,
				CF0015F52B4CE1FF00563372 /* UIView+AutoLayout.swift in Sources */,
				CFD1D89B2B4CD0AE0038C119 /* MovieCoordinator.swift in Sources */,
				CF00160B2B4E0F2900563372 /* MovieListView.swift in Sources */,
				CFD1D8662B4C9F180038C119 /* MainThreadExecutor.swift in Sources */,
				CFD1D88E2B4CCCE80038C119 /* BaseCoordinator.swift in Sources */,
				CFD1D8872B4CB1120038C119 /* NetworkStrings.swift in Sources */,
				CF00160D2B4E0FE900563372 /* MovieListErrorView.swift in Sources */,
				CF17CEE52B4E32A3009F1692 /* MovieListViewItemCell.swift in Sources */,
				CFD1D8082B4C90430038C119 /* AppDelegate.swift in Sources */,
				CFD1D80A2B4C90430038C119 /* SceneDelegate.swift in Sources */,
				CFD1D8802B4CAFAF0038C119 /* NetworLayerError.swift in Sources */,
			);
			runOnlyForDeploymentPostprocessing = 0;
		};
		CFD1D8162B4C90450038C119 /* Sources */ = {
			isa = PBXSourcesBuildPhase;
			buildActionMask = 2147483647;
			files = (
				CFD1D8482B4C93340038C119 /* MovieListViewControllerTests.swift in Sources */,
				CFD1D8972B4CCDEB0038C119 /* CoordinatorFake.swift in Sources */,
				CFD1D87C2B4CAC250038C119 /* HTTPRequest+Stub.swift in Sources */,
				CF00162E2B4E1FD700563372 /* MovieListView+Mirror.swift in Sources */,
				CFD1D8692B4CA4060038C119 /* URLSessionMock.swift in Sources */,
				CFD1D89E2B4CD48E0038C119 /* AppCoordinatorTests.swift in Sources */,
				CFD1D86D2B4CA55A0038C119 /* NetworkAPIConfigurationStub.swift in Sources */,
				CFD1D87E2B4CAD7B0038C119 /* ObjectMock.swift in Sources */,
				CF00161E2B4E116600563372 /* UIView+DynamicHeight.swift in Sources */,
				CF0016202B4E141700563372 /* MovieListErrorViewTests.swift in Sources */,
				CFD1D8942B4CCDDF0038C119 /* BaseCoordinatorTests.swift in Sources */,
				CFD1D88A2B4CCB700038C119 /* NetworkLayerErrorTests.swift in Sources */,
				CF0016232B4E186500563372 /* MovieListErrorView+Mirror.swift in Sources */,
				CF0016252B4E19D500563372 /* Mirror+Ext.swift in Sources */,
				CF00162C2B4E1F8900563372 /* MovieListViewTests.swift in Sources */,
				CF0015FE2B4E064C00563372 /* UIImage+Stub.swift in Sources */,
				CF0015F92B4CE67600563372 /* UIViewAutoLayoutTests.swift in Sources */,
				CFD1D86B2B4CA4750038C119 /* URLSessionDataTaskSpy.swift in Sources */,
				CFD1D8A02B4CD49F0038C119 /* UINavigationControllerSpy.swift in Sources */,
				CF0016042B4E093400563372 /* ImageCacheMock.swift in Sources */,
				CF0016002B4E072200563372 /* ImageDownloadTests.swift in Sources */,
				CFD1D8762B4CA8690038C119 /* NetworkManagerTests.swift in Sources */,
				CFD1D8742B4CA7B60038C119 /* URLResponse+Stub.swift in Sources */,
				CFD1D86F2B4CA5F70038C119 /* QueueAsyncExecutorSpy.swift in Sources */,
				CFD1D8A32B4CD8EC0038C119 /* UIWindowSpy.swift in Sources */,
			);
			runOnlyForDeploymentPostprocessing = 0;
		};
/* End PBXSourcesBuildPhase section */

/* Begin PBXTargetDependency section */
		CFD1D81C2B4C90450038C119 /* PBXTargetDependency */ = {
			isa = PBXTargetDependency;
			target = CFD1D8032B4C90430038C119 /* TheMovieDB */;
			targetProxy = CFD1D81B2B4C90450038C119 /* PBXContainerItemProxy */;
		};
/* End PBXTargetDependency section */

/* Begin PBXVariantGroup section */
		CFD1D8122B4C90450038C119 /* LaunchScreen.storyboard */ = {
			isa = PBXVariantGroup;
			children = (
				CFD1D8132B4C90450038C119 /* Base */,
			);
			name = LaunchScreen.storyboard;
			sourceTree = "<group>";
		};
/* End PBXVariantGroup section */

/* Begin XCBuildConfiguration section */
		CFD1D82C2B4C90450038C119 /* Debug */ = {
			isa = XCBuildConfiguration;
			buildSettings = {
				ALWAYS_SEARCH_USER_PATHS = NO;
				CLANG_ANALYZER_NONNULL = YES;
				CLANG_ANALYZER_NUMBER_OBJECT_CONVERSION = YES_AGGRESSIVE;
				CLANG_CXX_LANGUAGE_STANDARD = "gnu++17";
				CLANG_CXX_LIBRARY = "libc++";
				CLANG_ENABLE_MODULES = YES;
				CLANG_ENABLE_OBJC_ARC = YES;
				CLANG_ENABLE_OBJC_WEAK = YES;
				CLANG_WARN_BLOCK_CAPTURE_AUTORELEASING = YES;
				CLANG_WARN_BOOL_CONVERSION = YES;
				CLANG_WARN_COMMA = YES;
				CLANG_WARN_CONSTANT_CONVERSION = YES;
				CLANG_WARN_DEPRECATED_OBJC_IMPLEMENTATIONS = YES;
				CLANG_WARN_DIRECT_OBJC_ISA_USAGE = YES_ERROR;
				CLANG_WARN_DOCUMENTATION_COMMENTS = YES;
				CLANG_WARN_EMPTY_BODY = YES;
				CLANG_WARN_ENUM_CONVERSION = YES;
				CLANG_WARN_INFINITE_RECURSION = YES;
				CLANG_WARN_INT_CONVERSION = YES;
				CLANG_WARN_NON_LITERAL_NULL_CONVERSION = YES;
				CLANG_WARN_OBJC_IMPLICIT_RETAIN_SELF = YES;
				CLANG_WARN_OBJC_LITERAL_CONVERSION = YES;
				CLANG_WARN_OBJC_ROOT_CLASS = YES_ERROR;
				CLANG_WARN_QUOTED_INCLUDE_IN_FRAMEWORK_HEADER = YES;
				CLANG_WARN_RANGE_LOOP_ANALYSIS = YES;
				CLANG_WARN_STRICT_PROTOTYPES = YES;
				CLANG_WARN_SUSPICIOUS_MOVE = YES;
				CLANG_WARN_UNGUARDED_AVAILABILITY = YES_AGGRESSIVE;
				CLANG_WARN_UNREACHABLE_CODE = YES;
				CLANG_WARN__DUPLICATE_METHOD_MATCH = YES;
				COPY_PHASE_STRIP = NO;
				DEBUG_INFORMATION_FORMAT = dwarf;
				ENABLE_STRICT_OBJC_MSGSEND = YES;
				ENABLE_TESTABILITY = YES;
				GCC_C_LANGUAGE_STANDARD = gnu11;
				GCC_DYNAMIC_NO_PIC = NO;
				GCC_NO_COMMON_BLOCKS = YES;
				GCC_OPTIMIZATION_LEVEL = 0;
				GCC_PREPROCESSOR_DEFINITIONS = (
					"DEBUG=1",
					"$(inherited)",
				);
				GCC_WARN_64_TO_32_BIT_CONVERSION = YES;
				GCC_WARN_ABOUT_RETURN_TYPE = YES_ERROR;
				GCC_WARN_UNDECLARED_SELECTOR = YES;
				GCC_WARN_UNINITIALIZED_AUTOS = YES_AGGRESSIVE;
				GCC_WARN_UNUSED_FUNCTION = YES;
				GCC_WARN_UNUSED_VARIABLE = YES;
				IPHONEOS_DEPLOYMENT_TARGET = 15.2;
				MTL_ENABLE_DEBUG_INFO = INCLUDE_SOURCE;
				MTL_FAST_MATH = YES;
				ONLY_ACTIVE_ARCH = YES;
				SDKROOT = iphoneos;
				SWIFT_ACTIVE_COMPILATION_CONDITIONS = DEBUG;
				SWIFT_OPTIMIZATION_LEVEL = "-Onone";
			};
			name = Debug;
		};
		CFD1D82D2B4C90450038C119 /* Release */ = {
			isa = XCBuildConfiguration;
			buildSettings = {
				ALWAYS_SEARCH_USER_PATHS = NO;
				CLANG_ANALYZER_NONNULL = YES;
				CLANG_ANALYZER_NUMBER_OBJECT_CONVERSION = YES_AGGRESSIVE;
				CLANG_CXX_LANGUAGE_STANDARD = "gnu++17";
				CLANG_CXX_LIBRARY = "libc++";
				CLANG_ENABLE_MODULES = YES;
				CLANG_ENABLE_OBJC_ARC = YES;
				CLANG_ENABLE_OBJC_WEAK = YES;
				CLANG_WARN_BLOCK_CAPTURE_AUTORELEASING = YES;
				CLANG_WARN_BOOL_CONVERSION = YES;
				CLANG_WARN_COMMA = YES;
				CLANG_WARN_CONSTANT_CONVERSION = YES;
				CLANG_WARN_DEPRECATED_OBJC_IMPLEMENTATIONS = YES;
				CLANG_WARN_DIRECT_OBJC_ISA_USAGE = YES_ERROR;
				CLANG_WARN_DOCUMENTATION_COMMENTS = YES;
				CLANG_WARN_EMPTY_BODY = YES;
				CLANG_WARN_ENUM_CONVERSION = YES;
				CLANG_WARN_INFINITE_RECURSION = YES;
				CLANG_WARN_INT_CONVERSION = YES;
				CLANG_WARN_NON_LITERAL_NULL_CONVERSION = YES;
				CLANG_WARN_OBJC_IMPLICIT_RETAIN_SELF = YES;
				CLANG_WARN_OBJC_LITERAL_CONVERSION = YES;
				CLANG_WARN_OBJC_ROOT_CLASS = YES_ERROR;
				CLANG_WARN_QUOTED_INCLUDE_IN_FRAMEWORK_HEADER = YES;
				CLANG_WARN_RANGE_LOOP_ANALYSIS = YES;
				CLANG_WARN_STRICT_PROTOTYPES = YES;
				CLANG_WARN_SUSPICIOUS_MOVE = YES;
				CLANG_WARN_UNGUARDED_AVAILABILITY = YES_AGGRESSIVE;
				CLANG_WARN_UNREACHABLE_CODE = YES;
				CLANG_WARN__DUPLICATE_METHOD_MATCH = YES;
				COPY_PHASE_STRIP = NO;
				DEBUG_INFORMATION_FORMAT = "dwarf-with-dsym";
				ENABLE_NS_ASSERTIONS = NO;
				ENABLE_STRICT_OBJC_MSGSEND = YES;
				GCC_C_LANGUAGE_STANDARD = gnu11;
				GCC_NO_COMMON_BLOCKS = YES;
				GCC_WARN_64_TO_32_BIT_CONVERSION = YES;
				GCC_WARN_ABOUT_RETURN_TYPE = YES_ERROR;
				GCC_WARN_UNDECLARED_SELECTOR = YES;
				GCC_WARN_UNINITIALIZED_AUTOS = YES_AGGRESSIVE;
				GCC_WARN_UNUSED_FUNCTION = YES;
				GCC_WARN_UNUSED_VARIABLE = YES;
				IPHONEOS_DEPLOYMENT_TARGET = 15.2;
				MTL_ENABLE_DEBUG_INFO = NO;
				MTL_FAST_MATH = YES;
				SDKROOT = iphoneos;
				SWIFT_COMPILATION_MODE = wholemodule;
				SWIFT_OPTIMIZATION_LEVEL = "-O";
				VALIDATE_PRODUCT = YES;
			};
			name = Release;
		};
		CFD1D82F2B4C90450038C119 /* Debug */ = {
			isa = XCBuildConfiguration;
			baseConfigurationReference = CFD1D8612B4C9B470038C119 /* TheMovieDB-release.xcconfig */;
			buildSettings = {
				ASSETCATALOG_COMPILER_APPICON_NAME = AppIcon;
				ASSETCATALOG_COMPILER_GLOBAL_ACCENT_COLOR_NAME = AccentColor;
				CODE_SIGN_STYLE = Automatic;
				CURRENT_PROJECT_VERSION = 1;
				ENABLE_TESTING_SEARCH_PATHS = YES;
				GENERATE_INFOPLIST_FILE = YES;
				INFOPLIST_FILE = TheMovieDB/Resources/Info.plist;
				INFOPLIST_KEY_UIApplicationSupportsIndirectInputEvents = YES;
				INFOPLIST_KEY_UILaunchStoryboardName = LaunchScreen;
				INFOPLIST_KEY_UISupportedInterfaceOrientations_iPad = "UIInterfaceOrientationPortrait UIInterfaceOrientationPortraitUpsideDown UIInterfaceOrientationLandscapeLeft UIInterfaceOrientationLandscapeRight";
				INFOPLIST_KEY_UISupportedInterfaceOrientations_iPhone = "UIInterfaceOrientationPortrait UIInterfaceOrientationLandscapeLeft UIInterfaceOrientationLandscapeRight";
				LD_RUNPATH_SEARCH_PATHS = (
					"$(inherited)",
					"@executable_path/Frameworks",
				);
				MARKETING_VERSION = 1.0;
				PRODUCT_BUNDLE_IDENTIFIER = com.jp.TheMovieDB;
				PRODUCT_NAME = "$(TARGET_NAME)";
				SWIFT_EMIT_LOC_STRINGS = YES;
				SWIFT_VERSION = 5.0;
				TARGETED_DEVICE_FAMILY = 1;
			};
			name = Debug;
		};
		CFD1D8302B4C90450038C119 /* Release */ = {
			isa = XCBuildConfiguration;
			baseConfigurationReference = CFD1D8612B4C9B470038C119 /* TheMovieDB-release.xcconfig */;
			buildSettings = {
				ASSETCATALOG_COMPILER_APPICON_NAME = AppIcon;
				ASSETCATALOG_COMPILER_GLOBAL_ACCENT_COLOR_NAME = AccentColor;
				CODE_SIGN_STYLE = Automatic;
				CURRENT_PROJECT_VERSION = 1;
				ENABLE_TESTING_SEARCH_PATHS = YES;
				GENERATE_INFOPLIST_FILE = YES;
				INFOPLIST_FILE = TheMovieDB/Resources/Info.plist;
				INFOPLIST_KEY_UIApplicationSupportsIndirectInputEvents = YES;
				INFOPLIST_KEY_UILaunchStoryboardName = LaunchScreen;
				INFOPLIST_KEY_UISupportedInterfaceOrientations_iPad = "UIInterfaceOrientationPortrait UIInterfaceOrientationPortraitUpsideDown UIInterfaceOrientationLandscapeLeft UIInterfaceOrientationLandscapeRight";
				INFOPLIST_KEY_UISupportedInterfaceOrientations_iPhone = "UIInterfaceOrientationPortrait UIInterfaceOrientationLandscapeLeft UIInterfaceOrientationLandscapeRight";
				LD_RUNPATH_SEARCH_PATHS = (
					"$(inherited)",
					"@executable_path/Frameworks",
				);
				MARKETING_VERSION = 1.0;
				PRODUCT_BUNDLE_IDENTIFIER = com.jp.TheMovieDB;
				PRODUCT_NAME = "$(TARGET_NAME)";
				SWIFT_EMIT_LOC_STRINGS = YES;
				SWIFT_VERSION = 5.0;
				TARGETED_DEVICE_FAMILY = 1;
			};
			name = Release;
		};
		CFD1D8322B4C90450038C119 /* Debug */ = {
			isa = XCBuildConfiguration;
			baseConfigurationReference = CFD1D8612B4C9B470038C119 /* TheMovieDB-release.xcconfig */;
			buildSettings = {
				ALWAYS_EMBED_SWIFT_STANDARD_LIBRARIES = YES;
				BUNDLE_LOADER = "$(TEST_HOST)";
				CLANG_ENABLE_MODULES = YES;
				CODE_SIGN_STYLE = Automatic;
				CURRENT_PROJECT_VERSION = 1;
				GENERATE_INFOPLIST_FILE = YES;
				IPHONEOS_DEPLOYMENT_TARGET = 15.2;
				LD_RUNPATH_SEARCH_PATHS = (
					"$(inherited)",
					"@executable_path/Frameworks",
					"@loader_path/Frameworks",
				);
				MARKETING_VERSION = 1.0;
				PRODUCT_BUNDLE_IDENTIFIER = com.jp.TheMovieDBTests;
				PRODUCT_NAME = "$(TARGET_NAME)";
				SWIFT_EMIT_LOC_STRINGS = NO;
				SWIFT_OPTIMIZATION_LEVEL = "-Onone";
				SWIFT_VERSION = 5.0;
				TARGETED_DEVICE_FAMILY = "1,2";
				TEST_HOST = "$(BUILT_PRODUCTS_DIR)/TheMovieDB.app/TheMovieDB";
			};
			name = Debug;
		};
		CFD1D8332B4C90450038C119 /* Release */ = {
			isa = XCBuildConfiguration;
			baseConfigurationReference = CFD1D8612B4C9B470038C119 /* TheMovieDB-release.xcconfig */;
			buildSettings = {
				ALWAYS_EMBED_SWIFT_STANDARD_LIBRARIES = YES;
				BUNDLE_LOADER = "$(TEST_HOST)";
				CLANG_ENABLE_MODULES = YES;
				CODE_SIGN_STYLE = Automatic;
				CURRENT_PROJECT_VERSION = 1;
				GENERATE_INFOPLIST_FILE = YES;
				IPHONEOS_DEPLOYMENT_TARGET = 15.2;
				LD_RUNPATH_SEARCH_PATHS = (
					"$(inherited)",
					"@executable_path/Frameworks",
					"@loader_path/Frameworks",
				);
				MARKETING_VERSION = 1.0;
				PRODUCT_BUNDLE_IDENTIFIER = com.jp.TheMovieDBTests;
				PRODUCT_NAME = "$(TARGET_NAME)";
				SWIFT_EMIT_LOC_STRINGS = NO;
				SWIFT_VERSION = 5.0;
				TARGETED_DEVICE_FAMILY = "1,2";
				TEST_HOST = "$(BUILT_PRODUCTS_DIR)/TheMovieDB.app/TheMovieDB";
			};
			name = Release;
		};
/* End XCBuildConfiguration section */

/* Begin XCConfigurationList section */
		CFD1D7FF2B4C90430038C119 /* Build configuration list for PBXProject "TheMovieDB" */ = {
			isa = XCConfigurationList;
			buildConfigurations = (
				CFD1D82C2B4C90450038C119 /* Debug */,
				CFD1D82D2B4C90450038C119 /* Release */,
			);
			defaultConfigurationIsVisible = 0;
			defaultConfigurationName = Release;
		};
		CFD1D82E2B4C90450038C119 /* Build configuration list for PBXNativeTarget "TheMovieDB" */ = {
			isa = XCConfigurationList;
			buildConfigurations = (
				CFD1D82F2B4C90450038C119 /* Debug */,
				CFD1D8302B4C90450038C119 /* Release */,
			);
			defaultConfigurationIsVisible = 0;
			defaultConfigurationName = Release;
		};
		CFD1D8312B4C90450038C119 /* Build configuration list for PBXNativeTarget "TheMovieDBTests" */ = {
			isa = XCConfigurationList;
			buildConfigurations = (
				CFD1D8322B4C90450038C119 /* Debug */,
				CFD1D8332B4C90450038C119 /* Release */,
			);
			defaultConfigurationIsVisible = 0;
			defaultConfigurationName = Release;
		};
/* End XCConfigurationList section */

/* Begin XCRemoteSwiftPackageReference section */
		CF0015E22B4CDE8700563372 /* XCRemoteSwiftPackageReference "Nimble" */ = {
			isa = XCRemoteSwiftPackageReference;
			repositoryURL = "https://github.com/Quick/Nimble.git";
			requirement = {
				kind = upToNextMajorVersion;
				minimumVersion = 10.0.0;
			};
		};
		CF0015E52B4CDE9500563372 /* XCRemoteSwiftPackageReference "Quick" */ = {
			isa = XCRemoteSwiftPackageReference;
			repositoryURL = "https://github.com/Quick/Quick";
			requirement = {
				kind = upToNextMajorVersion;
				minimumVersion = 5.0.0;
			};
		};
		CF0015E82B4CDEC100563372 /* XCRemoteSwiftPackageReference "Nimble-Snapshots" */ = {
			isa = XCRemoteSwiftPackageReference;
			repositoryURL = "https://github.com/ashfurrow/Nimble-Snapshots.git";
			requirement = {
				kind = upToNextMajorVersion;
				minimumVersion = 9.0.0;
			};
		};
/* End XCRemoteSwiftPackageReference section */

/* Begin XCSwiftPackageProductDependency section */
		CF0015EC2B4CDEC800563372 /* Nimble */ = {
			isa = XCSwiftPackageProductDependency;
			package = CF0015E22B4CDE8700563372 /* XCRemoteSwiftPackageReference "Nimble" */;
			productName = Nimble;
		};
		CF0015EE2B4CDEC800563372 /* Quick */ = {
			isa = XCSwiftPackageProductDependency;
			package = CF0015E52B4CDE9500563372 /* XCRemoteSwiftPackageReference "Quick" */;
			productName = Quick;
		};
		CF0015F02B4CDEC800563372 /* Nimble-Snapshots */ = {
			isa = XCSwiftPackageProductDependency;
			package = CF0015E82B4CDEC100563372 /* XCRemoteSwiftPackageReference "Nimble-Snapshots" */;
			productName = "Nimble-Snapshots";
		};
/* End XCSwiftPackageProductDependency section */
	};
	rootObject = CFD1D7FC2B4C90430038C119 /* Project object */;
}
